Microsoft Visual Studio Solution File, Format Version 12.00
# Visual Studio Version 17
VisualStudioVersion = 17.5.2.0
MinimumVisualStudioVersion = 10.0.40219.1
Project("{FAE04EC0-301F-11D3-BF4B-00C04F79EFBC}") = "App_Torneos", "App_Torneos.csproj", "{6E77BFD2-811D-F37D-3D9E-EF04903D9F6A}"
EndProject
Global
	GlobalSection(SolutionConfigurationPlatforms) = preSolution
		Debug|Any CPU = Debug|Any CPU
		Release|Any CPU = Release|Any CPU
	EndGlobalSection
	GlobalSection(ProjectConfigurationPlatforms) = postSolution
		{6E77BFD2-811D-F37D-3D9E-EF04903D9F6A}.Debug|Any CPU.ActiveCfg = Debug|Any CPU
		{6E77BFD2-811D-F37D-3D9E-EF04903D9F6A}.Debug|Any CPU.Build.0 = Debug|Any CPU
		{6E77BFD2-811D-F37D-3D9E-EF04903D9F6A}.Release|Any CPU.ActiveCfg = Release|Any CPU
		{6E77BFD2-811D-F37D-3D9E-EF04903D9F6A}.Release|Any CPU.Build.0 = Release|Any CPU
	EndGlobalSection
	GlobalSection(SolutionProperties) = preSolution
		HideSolutionNode = FALSE
	EndGlobalSection
	GlobalSection(ExtensibilityGlobals) = postSolution
		SolutionGuid = {3CCE20C3-4B5B-4C80-8A08-B59A253DD8AB}
	EndGlobalSection
EndGlobal
